
Microsoft Visual Studio Solution File, Format Version 12.00
# Visual Studio Version 16
VisualStudioVersion = 16.0.30413.136
MinimumVisualStudioVersion = 10.0.40219.1
Project("{9A19103F-16F7-4668-BE54-9A1E7A4F7556}") = "API", "API\API.csproj", "{B04B4FEF-DDA6-4A10-94EE-9D01D93E7C2E}"
EndProject
Global
	GlobalSection(SolutionConfigurationPlatforms) = preSolution
		Debug|Any CPU = Debug|Any CPU
		Release|Any CPU = Release|Any CPU
	EndGlobalSection
	GlobalSection(ProjectConfigurationPlatforms) = postSolution
		{B04B4FEF-DDA6-4A10-94EE-9D01D93E7C2E}.Debug|Any CPU.ActiveCfg = Debug|Any CPU
		{B04B4FEF-DDA6-4A10-94EE-9D01D93E7C2E}.Debug|Any CPU.Build.0 = Debug|Any CPU
		{B04B4FEF-DDA6-4A10-94EE-9D01D93E7C2E}.Release|Any CPU.ActiveCfg = Release|Any CPU
		{B04B4FEF-DDA6-4A10-94EE-9D01D93E7C2E}.Release|Any CPU.Build.0 = Release|Any CPU
	EndGlobalSection
	GlobalSection(SolutionProperties) = preSolution
		HideSolutionNode = FALSE
	EndGlobalSection
	GlobalSection(ExtensibilityGlobals) = postSolution
		SolutionGuid = {A7468454-1CC1-4593-AC80-FC269144D08D}
	EndGlobalSection
EndGlobal
